PODS:
  - Alamofire (2.0.2)
  - MBConfigurationHelper (1.0.0)
  - MBError (1.0.0)
  - MBOAuthCredential (1.0.0):
    - MBError

DEPENDENCIES:
  - Alamofire (~> 2.0)
  - MBConfigurationHelper (~> 1.0.0)
  - MBOAuthCredential (~> 1.0.0)

SPEC CHECKSUMS:
  Alamofire: 8edbab00802a752bb5240cc2abe70e7e881488ad
  MBConfigurationHelper: c03b79186a9a3e36af22940fa30ca05db625d01c
  MBError: 0e39f62b85951eca4207bb9ada63d630b85dcc11
  MBOAuthCredential: 92be02fbf8923e434d3352f955fff3ef552c647a

COCOAPODS: 0.39.0
